{
    "_readme": [
        "This file locks the dependencies of your project to a known state",
        "Read more about it at https://getcomposer.org/doc/01-basic-usage.md#composer-lock-the-lock-file",
        "This file is @generated automatically"
    ],
    "content-hash": "d8ad7b2d6517728f0118d7bb45f6fce9",
    "packages": [
        {
            "name": "npm-asset/babel--runtime",
            "version": "7.4.5",
            "dist": {
                "type": "tar",
                "url": "https://registry.npmjs.org/@babel/runtime/-/runtime-7.4.5.tgz",
                "reference": null,
                "shasum": "582bb531f5f9dc67d2fcb682979894f75e253f12"
            },
            "require": {
                "npm-asset/regenerator-runtime": ">=0.13.2,<0.14.0"
            },
            "type": "npm-asset-library",
            "extra": {
                "npm-asset-directories": [],
                "npm-asset-repository": {
                    "type": "git",
                    "url": "https://github.com/babel/babel/tree/master/packages/babel-runtime"
                },
                "npm-asset-publish-config": {
                    "access": "public"
                }
            },
            "license": [
                "MIT"
            ],
            "authors": [
                {
                    "name": "Sebastian McKenzie",
                    "email": "sebmck@gmail.com"
                }
            ],
            "description": "babel's modular runtime helpers",
            "time": "2019-05-21T17:45:46+00:00"
        },
        {
            "name": "npm-asset/ledap",
            "version": "0.1.1",
            "dist": {
                "type": "tar",
                "url": "https://registry.npmjs.org/ledap/-/ledap-0.1.1.tgz",
                "reference": null,
                "shasum": "d2dae909e99e897e243791716c03721db417ec88"
            },
            "require": {
                "npm-asset/babel--runtime": ">=7.1.5,<8.0.0",
                "npm-asset/lodash": ">=4.17.11,<5.0.0"
            },
            "type": "npm-asset-library",
            "extra": {
                "npm-asset-main": "./dist/index.js",
                "npm-asset-directories": [],
                "npm-asset-scripts": {
                    "init": "cd examples && npm install && ln -s -f ../dist ./",
                    "example": "cd examples/ && npm run start",
                    "dev": "webpack --display-modules",
                    "watch": "webpack  --watch",
                    "build": "webpack --env.prod",
                    "test": "webpack --config=example/webpack.config.js --mode=development"
                }
            },
            "license": [
                "ISC"
            ],
            "authors": [
                {
                    "name": "lishipeng",
                    "email": "lspbupt@sina.com"
                }
            ],
            "description": "a javascript framwork, which can collaboration with Vue, angular, jquery etc.",
            "time": "2019-07-02T06:33:00+00:00"
        },
        {
            "name": "npm-asset/lodash",
            "version": "4.17.11-patch1",
            "source": {
                "type": "git",
                "url": "https://github.com/lodash/lodash.git",
                "reference": "3e273e915d1c4176a987fa6ad65e849f59d60453"
            },
            "dist": {
                "type": "zip",
                "url": "https://api.github.com/repos/lodash/lodash/zipball/3e273e915d1c4176a987fa6ad65e849f59d60453",
                "reference": "3e273e915d1c4176a987fa6ad65e849f59d60453",
                "shasum": ""
            },
            "type": "npm-asset-library",
            "extra": {
                "npm-asset-main": "lodash.js",
                "npm-asset-repository": "lodash/lodash",
                "npm-asset-scripts": {
                    "test": "echo \"See https://travis-ci.org/lodash-archive/lodash-cli for testing details.\""
                }
            },
            "license": [
                "MIT"
            ],
            "authors": [
                "John-David Dalton <john.david.dalton@gmail.com> (http://allyoucanleet.com/)",
                "John-David Dalton <john.david.dalton@gmail.com> (http://allyoucanleet.com/)",
                "Mathias Bynens <mathias@qiwi.be> (https://mathiasbynens.be/)"
            ],
            "description": "Lodash modular utilities.",
            "homepage": "https://lodash.com/",
            "time": "2018-09-12T05:12:11+00:00"
        },
        {
            "name": "npm-asset/regenerator-runtime",
            "version": "0.13.2",
            "dist": {
                "type": "tar",
                "url": "https://registry.npmjs.org/regenerator-runtime/-/regenerator-runtime-0.13.2.tgz",
                "reference": null,
                "shasum": "32e59c9a6fb9b1a4aff09b4930ca2d4477343447"
            },
            "type": "npm-asset-library",
            "extra": {
                "npm-asset-main": "runtime.js",
                "npm-asset-directories": [],
                "npm-asset-repository": {
                    "type": "git",
                    "url": "https://github.com/facebook/regenerator/tree/master/packages/regenerator-runtime"
                }
            },
            "license": [
                "MIT"
            ],
            "authors": [
                {
                    "name": "Ben Newman",
                    "email": "bn@cs.stanford.edu"
                }
            ],
            "description": "Runtime for Regenerator-compiled generator and async functions.",
            "keywords": [
                "async",
                "generator",
                "regenerator",
                "runtime"
            ],
            "time": "2019-03-07T20:30:56+00:00"
        },
        {
            "name": "npm-asset/vue",
            "version": "2.6.10",
            "dist": {
                "type": "tar",
                "url": "https://registry.npmjs.org/vue/-/vue-2.6.10.tgz",
                "reference": null,
                "shasum": "a72b1a42a4d82a721ea438d1b6bf55e66195c637"
            },
            "type": "npm-asset-library",
            "extra": {
                "npm-asset-bugs": {
                    "url": "https://github.com/vuejs/vue/issues"
                },
                "npm-asset-main": "dist/vue.runtime.common.js",
                "npm-asset-directories": [],
                "npm-asset-repository": {
                    "type": "git",
                    "url": "git+https://github.com/vuejs/vue.git"
                },
                "npm-asset-scripts": {
                    "dev": "rollup -w -c scripts/config.js --environment TARGET:web-full-dev",
                    "dev:cjs": "rollup -w -c scripts/config.js --environment TARGET:web-runtime-cjs-dev",
                    "dev:esm": "rollup -w -c scripts/config.js --environment TARGET:web-runtime-esm",
                    "dev:test": "karma start test/unit/karma.dev.config.js",
                    "dev:ssr": "rollup -w -c scripts/config.js --environment TARGET:web-server-renderer",
                    "dev:compiler": "rollup -w -c scripts/config.js --environment TARGET:web-compiler ",
                    "dev:weex": "rollup -w -c scripts/config.js --environment TARGET:weex-framework",
                    "dev:weex:factory": "rollup -w -c scripts/config.js --environment TARGET:weex-factory",
                    "dev:weex:compiler": "rollup -w -c scripts/config.js --environment TARGET:weex-compiler ",
                    "build": "node scripts/build.js",
                    "build:ssr": "npm run build -- web-runtime-cjs,web-server-renderer",
                    "build:weex": "npm run build -- weex",
                    "test": "npm run lint && flow check && npm run test:types && npm run test:cover && npm run test:e2e -- --env phantomjs && npm run test:ssr && npm run test:weex",
                    "test:unit": "karma start test/unit/karma.unit.config.js",
                    "test:cover": "karma start test/unit/karma.cover.config.js",
                    "test:e2e": "npm run build -- web-full-prod,web-server-basic-renderer && node test/e2e/runner.js",
                    "test:weex": "npm run build:weex && jasmine JASMINE_CONFIG_PATH=test/weex/jasmine.js",
                    "test:ssr": "npm run build:ssr && jasmine JASMINE_CONFIG_PATH=test/ssr/jasmine.js",
                    "test:sauce": "npm run sauce -- 0 && npm run sauce -- 1 && npm run sauce -- 2",
                    "test:types": "tsc -p ./types/test/tsconfig.json",
                    "lint": "eslint src scripts test",
                    "flow": "flow check",
                    "sauce": "karma start test/unit/karma.sauce.config.js",
                    "bench:ssr": "npm run build:ssr && node benchmarks/ssr/renderToString.js && node benchmarks/ssr/renderToStream.js",
                    "release": "bash scripts/release.sh",
                    "release:weex": "bash scripts/release-weex.sh",
                    "release:note": "node scripts/gen-release-note.js",
                    "commit": "git-cz"
                },
                "npm-asset-config": {
                    "commitizen": {
                        "path": "./node_modules/cz-conventional-changelog"
                    }
                }
            },
            "license": [
                "MIT"
            ],
            "authors": [
                {
                    "name": "Evan You"
                }
            ],
            "description": "Reactive, component-oriented view layer for modern web interfaces.",
            "homepage": "https://github.com/vuejs/vue#readme",
            "keywords": [
                "vue"
            ],
            "time": "2019-03-20T06:27:16+00:00"
        }
    ],
    "packages-dev": [],
    "aliases": [],
    "minimum-stability": "stable",
    "stability-flags": [],
    "prefer-stable": false,
    "prefer-lowest": false,
    "platform": [],
    "platform-dev": []
}
